
Microsoft Visual Studio Solution File, Format Version 12.00
# Visual Studio Version 16
VisualStudioVersion = 16.0.31112.23
MinimumVisualStudioVersion = 10.0.40219.1
Project("{9A19103F-16F7-4668-BE54-9A1E7A4F7556}") = "BlazorShop.Server", "BlazorShop\Server\BlazorShop.Server.csproj", "{09B3F7C8-EFD7-4A31-820C-6979743F7407}"
EndProject
Project("{9A19103F-16F7-4668-BE54-9A1E7A4F7556}") = "BlazorShop.Client", "BlazorShop\Client\BlazorShop.Client.csproj", "{AA0E8690-1832-41A4-934A-932561426BBF}"
EndProject
Project("{9A19103F-16F7-4668-BE54-9A1E7A4F7556}") = "BlazorShop.Shared", "BlazorShop\Shared\BlazorShop.Shared.csproj", "{7D6A579D-55A6-4118-A80F-3CA41513624A}"
EndProject
Global
	GlobalSection(SolutionConfigurationPlatforms) = preSolution
		Debug|Any CPU = Debug|Any CPU
		Release|Any CPU = Release|Any CPU
	EndGlobalSection
	GlobalSection(ProjectConfigurationPlatforms) = postSolution
		{09B3F7C8-EFD7-4A31-820C-6979743F7407}.Debug|Any CPU.ActiveCfg = Debug|Any CPU
		{09B3F7C8-EFD7-4A31-820C-6979743F7407}.Debug|Any CPU.Build.0 = Debug|Any CPU
		{09B3F7C8-EFD7-4A31-820C-6979743F7407}.Release|Any CPU.ActiveCfg = Release|Any CPU
		{09B3F7C8-EFD7-4A31-820C-6979743F7407}.Release|Any CPU.Build.0 = Release|Any CPU
		{AA0E8690-1832-41A4-934A-932561426BBF}.Debug|Any CPU.ActiveCfg = Debug|Any CPU
		{AA0E8690-1832-41A4-934A-932561426BBF}.Debug|Any CPU.Build.0 = Debug|Any CPU
		{AA0E8690-1832-41A4-934A-932561426BBF}.Release|Any CPU.ActiveCfg = Release|Any CPU
		{AA0E8690-1832-41A4-934A-932561426BBF}.Release|Any CPU.Build.0 = Release|Any CPU
		{7D6A579D-55A6-4118-A80F-3CA41513624A}.Debug|Any CPU.ActiveCfg = Debug|Any CPU
		{7D6A579D-55A6-4118-A80F-3CA41513624A}.Debug|Any CPU.Build.0 = Debug|Any CPU
		{7D6A579D-55A6-4118-A80F-3CA41513624A}.Release|Any CPU.ActiveCfg = Release|Any CPU
		{7D6A579D-55A6-4118-A80F-3CA41513624A}.Release|Any CPU.Build.0 = Release|Any CPU
	EndGlobalSection
	GlobalSection(SolutionProperties) = preSolution
		HideSolutionNode = FALSE
	EndGlobalSection
	GlobalSection(ExtensibilityGlobals) = postSolution
		SolutionGuid = {2FD7ECA6-0448-4E5D-BBF2-D83EEDCC345F}
	EndGlobalSection
EndGlobal
